
Microsoft Visual Studio Solution File, Format Version 12.00
# Visual Studio Version 17
VisualStudioVersion = 17.0.32014.148
MinimumVisualStudioVersion = 10.0.40219.1
Project("{9A19103F-16F7-4668-BE54-9A1E7A4F7556}") = "GravityLib.Common", "GravityLib.Common\GravityLib.Common.csproj", "{67E6E804-18E6-48F3-9742-C0110E76B88C}"
EndProject
Project("{9A19103F-16F7-4668-BE54-9A1E7A4F7556}") = "GravityLib.EntityFramework", "GravityLib.EntityFramework\GravityLib.EntityFramework.csproj", "{47DBE28A-F0BA-4E41-A477-F2B16DB9B274}"
EndProject
Project("{9A19103F-16F7-4668-BE54-9A1E7A4F7556}") = "GravityLib.Http", "GravityLib.Http\GravityLib.Http.csproj", "{1F42DF73-6D25-447C-AC9D-857A0E62CAC2}"
EndProject
Project("{2150E333-8FDC-42A3-9474-1A3956D46DE8}") = "Tests", "Tests", "{D804B956-167E-4D2D-B464-BADD8D0D8E00}"
EndProject
Project("{9A19103F-16F7-4668-BE54-9A1E7A4F7556}") = "GravityLib.Common.Tests", "GravityLib.Common.Tests\GravityLib.Common.Tests.csproj", "{FE3BFD92-68BE-4485-BC1A-0BBB1992D31E}"
EndProject
Project("{9A19103F-16F7-4668-BE54-9A1E7A4F7556}") = "GravityLib.Http.ConsoleTest", "GravityLib.Http.ConsoleTest\GravityLib.Http.ConsoleTest.csproj", "{185F3A46-1A51-4D2A-9C46-82828965CDB5}"
EndProject
Global
	GlobalSection(SolutionConfigurationPlatforms) = preSolution
		CI-Debug|Any CPU = CI-Debug|Any CPU
		CI-Staging|Any CPU = CI-Staging|Any CPU
		Debug|Any CPU = Debug|Any CPU
		FnB-Debug|Any CPU = FnB-Debug|Any CPU
		FnB-Release|Any CPU = FnB-Release|Any CPU
		Live-Debug|Any CPU = Live-Debug|Any CPU
		Live-Staging|Any CPU = Live-Staging|Any CPU
		Local-Debug|Any CPU = Local-Debug|Any CPU
		Local-Staging|Any CPU = Local-Staging|Any CPU
		Prelive-Debug|Any CPU = Prelive-Debug|Any CPU
		Prelive-Staging|Any CPU = Prelive-Staging|Any CPU
		PS-Debug|Any CPU = PS-Debug|Any CPU
		PS-Release|Any CPU = PS-Release|Any CPU
		QA|Any CPU = QA|Any CPU
		QA-Debug|Any CPU = QA-Debug|Any CPU
		QA-Staging|Any CPU = QA-Staging|Any CPU
		R9-Debug|Any CPU = R9-Debug|Any CPU
		R9-Release|Any CPU = R9-Release|Any CPU
		Release|Any CPU = Release|Any CPU
		RunIntegrationTests|Any CPU = RunIntegrationTests|Any CPU
	EndGlobalSection
	GlobalSection(ProjectConfigurationPlatforms) = postSolution
		{67E6E804-18E6-48F3-9742-C0110E76B88C}.CI-Debug|Any CPU.ActiveCfg = Debug|Any CPU
		{67E6E804-18E6-48F3-9742-C0110E76B88C}.CI-Debug|Any CPU.Build.0 = Debug|Any CPU
		{67E6E804-18E6-48F3-9742-C0110E76B88C}.CI-Staging|Any CPU.ActiveCfg = Debug|Any CPU
		{67E6E804-18E6-48F3-9742-C0110E76B88C}.CI-Staging|Any CPU.Build.0 = Debug|Any CPU
		{67E6E804-18E6-48F3-9742-C0110E76B88C}.Debug|Any CPU.ActiveCfg = Debug|Any CPU
		{67E6E804-18E6-48F3-9742-C0110E76B88C}.Debug|Any CPU.Build.0 = Debug|Any CPU
		{67E6E804-18E6-48F3-9742-C0110E76B88C}.FnB-Debug|Any CPU.ActiveCfg = Debug|Any CPU
		{67E6E804-18E6-48F3-9742-C0110E76B88C}.FnB-Debug|Any CPU.Build.0 = Debug|Any CPU
		{67E6E804-18E6-48F3-9742-C0110E76B88C}.FnB-Release|Any CPU.ActiveCfg = Release|Any CPU
		{67E6E804-18E6-48F3-9742-C0110E76B88C}.FnB-Release|Any CPU.Build.0 = Release|Any CPU
		{67E6E804-18E6-48F3-9742-C0110E76B88C}.Live-Debug|Any CPU.ActiveCfg = Debug|Any CPU
		{67E6E804-18E6-48F3-9742-C0110E76B88C}.Live-Debug|Any CPU.Build.0 = Debug|Any CPU
		{67E6E804-18E6-48F3-9742-C0110E76B88C}.Live-Staging|Any CPU.ActiveCfg = Debug|Any CPU
		{67E6E804-18E6-48F3-9742-C0110E76B88C}.Live-Staging|Any CPU.Build.0 = Debug|Any CPU
		{67E6E804-18E6-48F3-9742-C0110E76B88C}.Local-Debug|Any CPU.ActiveCfg = Debug|Any CPU
		{67E6E804-18E6-48F3-9742-C0110E76B88C}.Local-Debug|Any CPU.Build.0 = Debug|Any CPU
		{67E6E804-18E6-48F3-9742-C0110E76B88C}.Local-Staging|Any CPU.ActiveCfg = Debug|Any CPU
		{67E6E804-18E6-48F3-9742-C0110E76B88C}.Local-Staging|Any CPU.Build.0 = Debug|Any CPU
		{67E6E804-18E6-48F3-9742-C0110E76B88C}.Prelive-Debug|Any CPU.ActiveCfg = Debug|Any CPU
		{67E6E804-18E6-48F3-9742-C0110E76B88C}.Prelive-Debug|Any CPU.Build.0 = Debug|Any CPU
		{67E6E804-18E6-48F3-9742-C0110E76B88C}.Prelive-Staging|Any CPU.ActiveCfg = Debug|Any CPU
		{67E6E804-18E6-48F3-9742-C0110E76B88C}.Prelive-Staging|Any CPU.Build.0 = Debug|Any CPU
		{67E6E804-18E6-48F3-9742-C0110E76B88C}.PS-Debug|Any CPU.ActiveCfg = Debug|Any CPU
		{67E6E804-18E6-48F3-9742-C0110E76B88C}.PS-Debug|Any CPU.Build.0 = Debug|Any CPU
		{67E6E804-18E6-48F3-9742-C0110E76B88C}.PS-Release|Any CPU.ActiveCfg = Release|Any CPU
		{67E6E804-18E6-48F3-9742-C0110E76B88C}.PS-Release|Any CPU.Build.0 = Release|Any CPU
		{67E6E804-18E6-48F3-9742-C0110E76B88C}.QA|Any CPU.ActiveCfg = Debug|Any CPU
		{67E6E804-18E6-48F3-9742-C0110E76B88C}.QA|Any CPU.Build.0 = Debug|Any CPU
		{67E6E804-18E6-48F3-9742-C0110E76B88C}.QA-Debug|Any CPU.ActiveCfg = Debug|Any CPU
		{67E6E804-18E6-48F3-9742-C0110E76B88C}.QA-Debug|Any CPU.Build.0 = Debug|Any CPU
		{67E6E804-18E6-48F3-9742-C0110E76B88C}.QA-Staging|Any CPU.ActiveCfg = Debug|Any CPU
		{67E6E804-18E6-48F3-9742-C0110E76B88C}.QA-Staging|Any CPU.Build.0 = Debug|Any CPU
		{67E6E804-18E6-48F3-9742-C0110E76B88C}.R9-Debug|Any CPU.ActiveCfg = Debug|Any CPU
		{67E6E804-18E6-48F3-9742-C0110E76B88C}.R9-Debug|Any CPU.Build.0 = Debug|Any CPU
		{67E6E804-18E6-48F3-9742-C0110E76B88C}.R9-Release|Any CPU.ActiveCfg = Release|Any CPU
		{67E6E804-18E6-48F3-9742-C0110E76B88C}.R9-Release|Any CPU.Build.0 = Release|Any CPU
		{67E6E804-18E6-48F3-9742-C0110E76B88C}.Release|Any CPU.ActiveCfg = Release|Any CPU
		{67E6E804-18E6-48F3-9742-C0110E76B88C}.Release|Any CPU.Build.0 = Release|Any CPU
		{67E6E804-18E6-48F3-9742-C0110E76B88C}.RunIntegrationTests|Any CPU.ActiveCfg = Release|Any CPU
		{67E6E804-18E6-48F3-9742-C0110E76B88C}.RunIntegrationTests|Any CPU.Build.0 = Release|Any CPU
		{47DBE28A-F0BA-4E41-A477-F2B16DB9B274}.CI-Debug|Any CPU.ActiveCfg = Debug|Any CPU
		{47DBE28A-F0BA-4E41-A477-F2B16DB9B274}.CI-Debug|Any CPU.Build.0 = Debug|Any CPU
		{47DBE28A-F0BA-4E41-A477-F2B16DB9B274}.CI-Staging|Any CPU.ActiveCfg = Debug|Any CPU
		{47DBE28A-F0BA-4E41-A477-F2B16DB9B274}.CI-Staging|Any CPU.Build.0 = Debug|Any CPU
		{47DBE28A-F0BA-4E41-A477-F2B16DB9B274}.Debug|Any CPU.ActiveCfg = Debug|Any CPU
		{47DBE28A-F0BA-4E41-A477-F2B16DB9B274}.Debug|Any CPU.Build.0 = Debug|Any CPU
		{47DBE28A-F0BA-4E41-A477-F2B16DB9B274}.FnB-Debug|Any CPU.ActiveCfg = Debug|Any CPU
		{47DBE28A-F0BA-4E41-A477-F2B16DB9B274}.FnB-Debug|Any CPU.Build.0 = Debug|Any CPU
		{47DBE28A-F0BA-4E41-A477-F2B16DB9B274}.FnB-Release|Any CPU.ActiveCfg = Release|Any CPU
		{47DBE28A-F0BA-4E41-A477-F2B16DB9B274}.FnB-Release|Any CPU.Build.0 = Release|Any CPU
		{47DBE28A-F0BA-4E41-A477-F2B16DB9B274}.Live-Debug|Any CPU.ActiveCfg = Debug|Any CPU
		{47DBE28A-F0BA-4E41-A477-F2B16DB9B274}.Live-Debug|Any CPU.Build.0 = Debug|Any CPU
		{47DBE28A-F0BA-4E41-A477-F2B16DB9B274}.Live-Staging|Any CPU.ActiveCfg = Debug|Any CPU
		{47DBE28A-F0BA-4E41-A477-F2B16DB9B274}.Live-Staging|Any CPU.Build.0 = Debug|Any CPU
		{47DBE28A-F0BA-4E41-A477-F2B16DB9B274}.Local-Debug|Any CPU.ActiveCfg = Debug|Any CPU
		{47DBE28A-F0BA-4E41-A477-F2B16DB9B274}.Local-Debug|Any CPU.Build.0 = Debug|Any CPU
		{47DBE28A-F0BA-4E41-A477-F2B16DB9B274}.Local-Staging|Any CPU.ActiveCfg = Debug|Any CPU
		{47DBE28A-F0BA-4E41-A477-F2B16DB9B274}.Local-Staging|Any CPU.Build.0 = Debug|Any CPU
		{47DBE28A-F0BA-4E41-A477-F2B16DB9B274}.Prelive-Debug|Any CPU.ActiveCfg = Debug|Any CPU
		{47DBE28A-F0BA-4E41-A477-F2B16DB9B274}.Prelive-Debug|Any CPU.Build.0 = Debug|Any CPU
		{47DBE28A-F0BA-4E41-A477-F2B16DB9B274}.Prelive-Staging|Any CPU.ActiveCfg = Debug|Any CPU
		{47DBE28A-F0BA-4E41-A477-F2B16DB9B274}.Prelive-Staging|Any CPU.Build.0 = Debug|Any CPU
		{47DBE28A-F0BA-4E41-A477-F2B16DB9B274}.PS-Debug|Any CPU.ActiveCfg = Debug|Any CPU
		{47DBE28A-F0BA-4E41-A477-F2B16DB9B274}.PS-Debug|Any CPU.Build.0 = Debug|Any CPU
		{47DBE28A-F0BA-4E41-A477-F2B16DB9B274}.PS-Release|Any CPU.ActiveCfg = Release|Any CPU
		{47DBE28A-F0BA-4E41-A477-F2B16DB9B274}.PS-Release|Any CPU.Build.0 = Release|Any CPU
		{47DBE28A-F0BA-4E41-A477-F2B16DB9B274}.QA|Any CPU.ActiveCfg = Debug|Any CPU
		{47DBE28A-F0BA-4E41-A477-F2B16DB9B274}.QA|Any CPU.Build.0 = Debug|Any CPU
		{47DBE28A-F0BA-4E41-A477-F2B16DB9B274}.QA-Debug|Any CPU.ActiveCfg = Debug|Any CPU
		{47DBE28A-F0BA-4E41-A477-F2B16DB9B274}.QA-Debug|Any CPU.Build.0 = Debug|Any CPU
		{47DBE28A-F0BA-4E41-A477-F2B16DB9B274}.QA-Staging|Any CPU.ActiveCfg = Debug|Any CPU
		{47DBE28A-F0BA-4E41-A477-F2B16DB9B274}.QA-Staging|Any CPU.Build.0 = Debug|Any CPU
		{47DBE28A-F0BA-4E41-A477-F2B16DB9B274}.R9-Debug|Any CPU.ActiveCfg = Debug|Any CPU
		{47DBE28A-F0BA-4E41-A477-F2B16DB9B274}.R9-Debug|Any CPU.Build.0 = Debug|Any CPU
		{47DBE28A-F0BA-4E41-A477-F2B16DB9B274}.R9-Release|Any CPU.ActiveCfg = Release|Any CPU
		{47DBE28A-F0BA-4E41-A477-F2B16DB9B274}.R9-Release|Any CPU.Build.0 = Release|Any CPU
		{47DBE28A-F0BA-4E41-A477-F2B16DB9B274}.Release|Any CPU.ActiveCfg = Release|Any CPU
		{47DBE28A-F0BA-4E41-A477-F2B16DB9B274}.Release|Any CPU.Build.0 = Release|Any CPU
		{47DBE28A-F0BA-4E41-A477-F2B16DB9B274}.RunIntegrationTests|Any CPU.ActiveCfg = Release|Any CPU
		{47DBE28A-F0BA-4E41-A477-F2B16DB9B274}.RunIntegrationTests|Any CPU.Build.0 = Release|Any CPU
		{1F42DF73-6D25-447C-AC9D-857A0E62CAC2}.CI-Debug|Any CPU.ActiveCfg = Debug|Any CPU
		{1F42DF73-6D25-447C-AC9D-857A0E62CAC2}.CI-Debug|Any CPU.Build.0 = Debug|Any CPU
		{1F42DF73-6D25-447C-AC9D-857A0E62CAC2}.CI-Staging|Any CPU.ActiveCfg = Debug|Any CPU
		{1F42DF73-6D25-447C-AC9D-857A0E62CAC2}.CI-Staging|Any CPU.Build.0 = Debug|Any CPU
		{1F42DF73-6D25-447C-AC9D-857A0E62CAC2}.Debug|Any CPU.ActiveCfg = Debug|Any CPU
		{1F42DF73-6D25-447C-AC9D-857A0E62CAC2}.Debug|Any CPU.Build.0 = Debug|Any CPU
		{1F42DF73-6D25-447C-AC9D-857A0E62CAC2}.FnB-Debug|Any CPU.ActiveCfg = Debug|Any CPU
		{1F42DF73-6D25-447C-AC9D-857A0E62CAC2}.FnB-Debug|Any CPU.Build.0 = Debug|Any CPU
		{1F42DF73-6D25-447C-AC9D-857A0E62CAC2}.FnB-Release|Any CPU.ActiveCfg = Release|Any CPU
		{1F42DF73-6D25-447C-AC9D-857A0E62CAC2}.FnB-Release|Any CPU.Build.0 = Release|Any CPU
		{1F42DF73-6D25-447C-AC9D-857A0E62CAC2}.Live-Debug|Any CPU.ActiveCfg = Debug|Any CPU
		{1F42DF73-6D25-447C-AC9D-857A0E62CAC2}.Live-Debug|Any CPU.Build.0 = Debug|Any CPU
		{1F42DF73-6D25-447C-AC9D-857A0E62CAC2}.Live-Staging|Any CPU.ActiveCfg = Debug|Any CPU
		{1F42DF73-6D25-447C-AC9D-857A0E62CAC2}.Live-Staging|Any CPU.Build.0 = Debug|Any CPU
		{1F42DF73-6D25-447C-AC9D-857A0E62CAC2}.Local-Debug|Any CPU.ActiveCfg = Debug|Any CPU
		{1F42DF73-6D25-447C-AC9D-857A0E62CAC2}.Local-Debug|Any CPU.Build.0 = Debug|Any CPU
		{1F42DF73-6D25-447C-AC9D-857A0E62CAC2}.Local-Staging|Any CPU.ActiveCfg = Debug|Any CPU
		{1F42DF73-6D25-447C-AC9D-857A0E62CAC2}.Local-Staging|Any CPU.Build.0 = Debug|Any CPU
		{1F42DF73-6D25-447C-AC9D-857A0E62CAC2}.Prelive-Debug|Any CPU.ActiveCfg = Debug|Any CPU
		{1F42DF73-6D25-447C-AC9D-857A0E62CAC2}.Prelive-Debug|Any CPU.Build.0 = Debug|Any CPU
		{1F42DF73-6D25-447C-AC9D-857A0E62CAC2}.Prelive-Staging|Any CPU.ActiveCfg = Debug|Any CPU
		{1F42DF73-6D25-447C-AC9D-857A0E62CAC2}.Prelive-Staging|Any CPU.Build.0 = Debug|Any CPU
		{1F42DF73-6D25-447C-AC9D-857A0E62CAC2}.PS-Debug|Any CPU.ActiveCfg = Debug|Any CPU
		{1F42DF73-6D25-447C-AC9D-857A0E62CAC2}.PS-Debug|Any CPU.Build.0 = Debug|Any CPU
		{1F42DF73-6D25-447C-AC9D-857A0E62CAC2}.PS-Release|Any CPU.ActiveCfg = Release|Any CPU
		{1F42DF73-6D25-447C-AC9D-857A0E62CAC2}.PS-Release|Any CPU.Build.0 = Release|Any CPU
		{1F42DF73-6D25-447C-AC9D-857A0E62CAC2}.QA|Any CPU.ActiveCfg = Debug|Any CPU
		{1F42DF73-6D25-447C-AC9D-857A0E62CAC2}.QA|Any CPU.Build.0 = Debug|Any CPU
		{1F42DF73-6D25-447C-AC9D-857A0E62CAC2}.QA-Debug|Any CPU.ActiveCfg = Debug|Any CPU
		{1F42DF73-6D25-447C-AC9D-857A0E62CAC2}.QA-Debug|Any CPU.Build.0 = Debug|Any CPU
		{1F42DF73-6D25-447C-AC9D-857A0E62CAC2}.QA-Staging|Any CPU.ActiveCfg = Debug|Any CPU
		{1F42DF73-6D25-447C-AC9D-857A0E62CAC2}.QA-Staging|Any CPU.Build.0 = Debug|Any CPU
		{1F42DF73-6D25-447C-AC9D-857A0E62CAC2}.R9-Debug|Any CPU.ActiveCfg = Debug|Any CPU
		{1F42DF73-6D25-447C-AC9D-857A0E62CAC2}.R9-Debug|Any CPU.Build.0 = Debug|Any CPU
		{1F42DF73-6D25-447C-AC9D-857A0E62CAC2}.R9-Release|Any CPU.ActiveCfg = Release|Any CPU
		{1F42DF73-6D25-447C-AC9D-857A0E62CAC2}.R9-Release|Any CPU.Build.0 = Release|Any CPU
		{1F42DF73-6D25-447C-AC9D-857A0E62CAC2}.Release|Any CPU.ActiveCfg = Release|Any CPU
		{1F42DF73-6D25-447C-AC9D-857A0E62CAC2}.Release|Any CPU.Build.0 = Release|Any CPU
		{1F42DF73-6D25-447C-AC9D-857A0E62CAC2}.RunIntegrationTests|Any CPU.ActiveCfg = Release|Any CPU
		{1F42DF73-6D25-447C-AC9D-857A0E62CAC2}.RunIntegrationTests|Any CPU.Build.0 = Release|Any CPU
		{FE3BFD92-68BE-4485-BC1A-0BBB1992D31E}.CI-Debug|Any CPU.ActiveCfg = Debug|Any CPU
		{FE3BFD92-68BE-4485-BC1A-0BBB1992D31E}.CI-Debug|Any CPU.Build.0 = Debug|Any CPU
		{FE3BFD92-68BE-4485-BC1A-0BBB1992D31E}.CI-Staging|Any CPU.ActiveCfg = Debug|Any CPU
		{FE3BFD92-68BE-4485-BC1A-0BBB1992D31E}.CI-Staging|Any CPU.Build.0 = Debug|Any CPU
		{FE3BFD92-68BE-4485-BC1A-0BBB1992D31E}.Debug|Any CPU.ActiveCfg = Debug|Any CPU
		{FE3BFD92-68BE-4485-BC1A-0BBB1992D31E}.Debug|Any CPU.Build.0 = Debug|Any CPU
		{FE3BFD92-68BE-4485-BC1A-0BBB1992D31E}.FnB-Debug|Any CPU.ActiveCfg = Debug|Any CPU
		{FE3BFD92-68BE-4485-BC1A-0BBB1992D31E}.FnB-Debug|Any CPU.Build.0 = Debug|Any CPU
		{FE3BFD92-68BE-4485-BC1A-0BBB1992D31E}.FnB-Release|Any CPU.ActiveCfg = Release|Any CPU
		{FE3BFD92-68BE-4485-BC1A-0BBB1992D31E}.FnB-Release|Any CPU.Build.0 = Release|Any CPU
		{FE3BFD92-68BE-4485-BC1A-0BBB1992D31E}.Live-Debug|Any CPU.ActiveCfg = Debug|Any CPU
		{FE3BFD92-68BE-4485-BC1A-0BBB1992D31E}.Live-Debug|Any CPU.Build.0 = Debug|Any CPU
		{FE3BFD92-68BE-4485-BC1A-0BBB1992D31E}.Live-Staging|Any CPU.ActiveCfg = Debug|Any CPU
		{FE3BFD92-68BE-4485-BC1A-0BBB1992D31E}.Live-Staging|Any CPU.Build.0 = Debug|Any CPU
		{FE3BFD92-68BE-4485-BC1A-0BBB1992D31E}.Local-Debug|Any CPU.ActiveCfg = Debug|Any CPU
		{FE3BFD92-68BE-4485-BC1A-0BBB1992D31E}.Local-Debug|Any CPU.Build.0 = Debug|Any CPU
		{FE3BFD92-68BE-4485-BC1A-0BBB1992D31E}.Local-Staging|Any CPU.ActiveCfg = Debug|Any CPU
		{FE3BFD92-68BE-4485-BC1A-0BBB1992D31E}.Local-Staging|Any CPU.Build.0 = Debug|Any CPU
		{FE3BFD92-68BE-4485-BC1A-0BBB1992D31E}.Prelive-Debug|Any CPU.ActiveCfg = Debug|Any CPU
		{FE3BFD92-68BE-4485-BC1A-0BBB1992D31E}.Prelive-Debug|Any CPU.Build.0 = Debug|Any CPU
		{FE3BFD92-68BE-4485-BC1A-0BBB1992D31E}.Prelive-Staging|Any CPU.ActiveCfg = Debug|Any CPU
		{FE3BFD92-68BE-4485-BC1A-0BBB1992D31E}.Prelive-Staging|Any CPU.Build.0 = Debug|Any CPU
		{FE3BFD92-68BE-4485-BC1A-0BBB1992D31E}.PS-Debug|Any CPU.ActiveCfg = Debug|Any CPU
		{FE3BFD92-68BE-4485-BC1A-0BBB1992D31E}.PS-Debug|Any CPU.Build.0 = Debug|Any CPU
		{FE3BFD92-68BE-4485-BC1A-0BBB1992D31E}.PS-Release|Any CPU.ActiveCfg = Release|Any CPU
		{FE3BFD92-68BE-4485-BC1A-0BBB1992D31E}.PS-Release|Any CPU.Build.0 = Release|Any CPU
		{FE3BFD92-68BE-4485-BC1A-0BBB1992D31E}.QA|Any CPU.ActiveCfg = Debug|Any CPU
		{FE3BFD92-68BE-4485-BC1A-0BBB1992D31E}.QA|Any CPU.Build.0 = Debug|Any CPU
		{FE3BFD92-68BE-4485-BC1A-0BBB1992D31E}.QA-Debug|Any CPU.ActiveCfg = Debug|Any CPU
		{FE3BFD92-68BE-4485-BC1A-0BBB1992D31E}.QA-Debug|Any CPU.Build.0 = Debug|Any CPU
		{FE3BFD92-68BE-4485-BC1A-0BBB1992D31E}.QA-Staging|Any CPU.ActiveCfg = Debug|Any CPU
		{FE3BFD92-68BE-4485-BC1A-0BBB1992D31E}.QA-Staging|Any CPU.Build.0 = Debug|Any CPU
		{FE3BFD92-68BE-4485-BC1A-0BBB1992D31E}.R9-Debug|Any CPU.ActiveCfg = Release|Any CPU
		{FE3BFD92-68BE-4485-BC1A-0BBB1992D31E}.R9-Debug|Any CPU.Build.0 = Release|Any CPU
		{FE3BFD92-68BE-4485-BC1A-0BBB1992D31E}.R9-Release|Any CPU.ActiveCfg = Release|Any CPU
		{FE3BFD92-68BE-4485-BC1A-0BBB1992D31E}.R9-Release|Any CPU.Build.0 = Release|Any CPU
		{FE3BFD92-68BE-4485-BC1A-0BBB1992D31E}.Release|Any CPU.ActiveCfg = Release|Any CPU
		{FE3BFD92-68BE-4485-BC1A-0BBB1992D31E}.Release|Any CPU.Build.0 = Release|Any CPU
		{FE3BFD92-68BE-4485-BC1A-0BBB1992D31E}.RunIntegrationTests|Any CPU.ActiveCfg = Release|Any CPU
		{FE3BFD92-68BE-4485-BC1A-0BBB1992D31E}.RunIntegrationTests|Any CPU.Build.0 = Release|Any CPU
		{185F3A46-1A51-4D2A-9C46-82828965CDB5}.CI-Debug|Any CPU.ActiveCfg = Debug|Any CPU
		{185F3A46-1A51-4D2A-9C46-82828965CDB5}.CI-Debug|Any CPU.Build.0 = Debug|Any CPU
		{185F3A46-1A51-4D2A-9C46-82828965CDB5}.CI-Staging|Any CPU.ActiveCfg = Debug|Any CPU
		{185F3A46-1A51-4D2A-9C46-82828965CDB5}.CI-Staging|Any CPU.Build.0 = Debug|Any CPU
		{185F3A46-1A51-4D2A-9C46-82828965CDB5}.Debug|Any CPU.ActiveCfg = Debug|Any CPU
		{185F3A46-1A51-4D2A-9C46-82828965CDB5}.Debug|Any CPU.Build.0 = Debug|Any CPU
		{185F3A46-1A51-4D2A-9C46-82828965CDB5}.FnB-Debug|Any CPU.ActiveCfg = Debug|Any CPU
		{185F3A46-1A51-4D2A-9C46-82828965CDB5}.FnB-Debug|Any CPU.Build.0 = Debug|Any CPU
		{185F3A46-1A51-4D2A-9C46-82828965CDB5}.FnB-Release|Any CPU.ActiveCfg = Release|Any CPU
		{185F3A46-1A51-4D2A-9C46-82828965CDB5}.FnB-Release|Any CPU.Build.0 = Release|Any CPU
		{185F3A46-1A51-4D2A-9C46-82828965CDB5}.Live-Debug|Any CPU.ActiveCfg = Debug|Any CPU
		{185F3A46-1A51-4D2A-9C46-82828965CDB5}.Live-Debug|Any CPU.Build.0 = Debug|Any CPU
		{185F3A46-1A51-4D2A-9C46-82828965CDB5}.Live-Staging|Any CPU.ActiveCfg = Debug|Any CPU
		{185F3A46-1A51-4D2A-9C46-82828965CDB5}.Live-Staging|Any CPU.Build.0 = Debug|Any CPU
		{185F3A46-1A51-4D2A-9C46-82828965CDB5}.Local-Debug|Any CPU.ActiveCfg = Debug|Any CPU
		{185F3A46-1A51-4D2A-9C46-82828965CDB5}.Local-Debug|Any CPU.Build.0 = Debug|Any CPU
		{185F3A46-1A51-4D2A-9C46-82828965CDB5}.Local-Staging|Any CPU.ActiveCfg = Debug|Any CPU
		{185F3A46-1A51-4D2A-9C46-82828965CDB5}.Local-Staging|Any CPU.Build.0 = Debug|Any CPU
		{185F3A46-1A51-4D2A-9C46-82828965CDB5}.Prelive-Debug|Any CPU.ActiveCfg = Debug|Any CPU
		{185F3A46-1A51-4D2A-9C46-82828965CDB5}.Prelive-Debug|Any CPU.Build.0 = Debug|Any CPU
		{185F3A46-1A51-4D2A-9C46-82828965CDB5}.Prelive-Staging|Any CPU.ActiveCfg = Debug|Any CPU
		{185F3A46-1A51-4D2A-9C46-82828965CDB5}.Prelive-Staging|Any CPU.Build.0 = Debug|Any CPU
		{185F3A46-1A51-4D2A-9C46-82828965CDB5}.PS-Debug|Any CPU.ActiveCfg = Debug|Any CPU
		{185F3A46-1A51-4D2A-9C46-82828965CDB5}.PS-Debug|Any CPU.Build.0 = Debug|Any CPU
		{185F3A46-1A51-4D2A-9C46-82828965CDB5}.PS-Release|Any CPU.ActiveCfg = Release|Any CPU
		{185F3A46-1A51-4D2A-9C46-82828965CDB5}.PS-Release|Any CPU.Build.0 = Release|Any CPU
		{185F3A46-1A51-4D2A-9C46-82828965CDB5}.QA|Any CPU.ActiveCfg = Debug|Any CPU
		{185F3A46-1A51-4D2A-9C46-82828965CDB5}.QA|Any CPU.Build.0 = Debug|Any CPU
		{185F3A46-1A51-4D2A-9C46-82828965CDB5}.QA-Debug|Any CPU.ActiveCfg = Debug|Any CPU
		{185F3A46-1A51-4D2A-9C46-82828965CDB5}.QA-Debug|Any CPU.Build.0 = Debug|Any CPU
		{185F3A46-1A51-4D2A-9C46-82828965CDB5}.QA-Staging|Any CPU.ActiveCfg = Debug|Any CPU
		{185F3A46-1A51-4D2A-9C46-82828965CDB5}.QA-Staging|Any CPU.Build.0 = Debug|Any CPU
		{185F3A46-1A51-4D2A-9C46-82828965CDB5}.R9-Debug|Any CPU.ActiveCfg = Release|Any CPU
		{185F3A46-1A51-4D2A-9C46-82828965CDB5}.R9-Debug|Any CPU.Build.0 = Release|Any CPU
		{185F3A46-1A51-4D2A-9C46-82828965CDB5}.R9-Release|Any CPU.ActiveCfg = Release|Any CPU
		{185F3A46-1A51-4D2A-9C46-82828965CDB5}.R9-Release|Any CPU.Build.0 = Release|Any CPU
		{185F3A46-1A51-4D2A-9C46-82828965CDB5}.Release|Any CPU.ActiveCfg = Release|Any CPU
		{185F3A46-1A51-4D2A-9C46-82828965CDB5}.Release|Any CPU.Build.0 = Release|Any CPU
		{185F3A46-1A51-4D2A-9C46-82828965CDB5}.RunIntegrationTests|Any CPU.ActiveCfg = Release|Any CPU
		{185F3A46-1A51-4D2A-9C46-82828965CDB5}.RunIntegrationTests|Any CPU.Build.0 = Release|Any CPU
	EndGlobalSection
	GlobalSection(SolutionProperties) = preSolution
		HideSolutionNode = FALSE
	EndGlobalSection
	GlobalSection(NestedProjects) = preSolution
		{FE3BFD92-68BE-4485-BC1A-0BBB1992D31E} = {D804B956-167E-4D2D-B464-BADD8D0D8E00}
		{185F3A46-1A51-4D2A-9C46-82828965CDB5} = {D804B956-167E-4D2D-B464-BADD8D0D8E00}
	EndGlobalSection
	GlobalSection(ExtensibilityGlobals) = postSolution
		SolutionGuid = {B56A89CD-15E3-4D20-920C-BD6BD8C733D5}
	EndGlobalSection
EndGlobal
